
Microsoft Visual Studio Solution File, Format Version 10.00
# Visual Studio 2008
Project("{8BC9CEB8-8B4A-11D0-8D11-00A0C91BC942}") = "T09ANIM", "T09ANIM.vcproj", "{BA571010-F2A4-41D0-BEA0-06FE14F74F75}"
EndProject
Global
	GlobalSection(SolutionConfigurationPlatforms) = preSolution
		Debug|Win32 = Debug|Win32
		Release|Win32 = Release|Win32
	EndGlobalSection
	GlobalSection(ProjectConfigurationPlatforms) = postSolution
		{BA571010-F2A4-41D0-BEA0-06FE14F74F75}.Debug|Win32.ActiveCfg = Debug|Win32
		{BA571010-F2A4-41D0-BEA0-06FE14F74F75}.Debug|Win32.Build.0 = Debug|Win32
		{BA571010-F2A4-41D0-BEA0-06FE14F74F75}.Release|Win32.ActiveCfg = Release|Win32
		{BA571010-F2A4-41D0-BEA0-06FE14F74F75}.Release|Win32.Build.0 = Release|Win32
	EndGlobalSection
	GlobalSection(SolutionProperties) = preSolution
		HideSolutionNode = FALSE
	EndGlobalSection
EndGlobal
